
Microsoft Visual Studio Solution File, Format Version 12.00
# Visual Studio 15
VisualStudioVersion = 15.0.28307.106
MinimumVisualStudioVersion = 10.0.40219.1
Project("{FAE04EC0-301F-11D3-BF4B-00C04F79EFBC}") = "LargestProductMatrix", "LargestProductMatrix\LargestProductMatrix.csproj", "{A7D9B37B-0D78-43AC-A8ED-907E4598F5EC}"
EndProject
Global
	GlobalSection(SolutionConfigurationPlatforms) = preSolution
		Debug|Any CPU = Debug|Any CPU
		Release|Any CPU = Release|Any CPU
	EndGlobalSection
	GlobalSection(ProjectConfigurationPlatforms) = postSolution
		{A7D9B37B-0D78-43AC-A8ED-907E4598F5EC}.Debug|Any CPU.ActiveCfg = Debug|Any CPU
		{A7D9B37B-0D78-43AC-A8ED-907E4598F5EC}.Debug|Any CPU.Build.0 = Debug|Any CPU
		{A7D9B37B-0D78-43AC-A8ED-907E4598F5EC}.Release|Any CPU.ActiveCfg = Release|Any CPU
		{A7D9B37B-0D78-43AC-A8ED-907E4598F5EC}.Release|Any CPU.Build.0 = Release|Any CPU
	EndGlobalSection
	GlobalSection(SolutionProperties) = preSolution
		HideSolutionNode = FALSE
	EndGlobalSection
	GlobalSection(ExtensibilityGlobals) = postSolution
		SolutionGuid = {B1138F6A-916C-4237-8F58-C7AE072F3756}
	EndGlobalSection
EndGlobal
