
Microsoft Visual Studio Solution File, Format Version 12.00
# Visual Studio 15
VisualStudioVersion = 15.0.28307.106
MinimumVisualStudioVersion = 10.0.40219.1
Project("{FAE04EC0-301F-11D3-BF4B-00C04F79EFBC}") = "SumOfPrimes", "SumOfPrimes\SumOfPrimes.csproj", "{AEB3D53A-A640-4B2C-AC5F-0D95D871BABE}"
EndProject
Global
	GlobalSection(SolutionConfigurationPlatforms) = preSolution
		Debug|Any CPU = Debug|Any CPU
		Release|Any CPU = Release|Any CPU
	EndGlobalSection
	GlobalSection(ProjectConfigurationPlatforms) = postSolution
		{AEB3D53A-A640-4B2C-AC5F-0D95D871BABE}.Debug|Any CPU.ActiveCfg = Debug|Any CPU
		{AEB3D53A-A640-4B2C-AC5F-0D95D871BABE}.Debug|Any CPU.Build.0 = Debug|Any CPU
		{AEB3D53A-A640-4B2C-AC5F-0D95D871BABE}.Release|Any CPU.ActiveCfg = Release|Any CPU
		{AEB3D53A-A640-4B2C-AC5F-0D95D871BABE}.Release|Any CPU.Build.0 = Release|Any CPU
	EndGlobalSection
	GlobalSection(SolutionProperties) = preSolution
		HideSolutionNode = FALSE
	EndGlobalSection
	GlobalSection(ExtensibilityGlobals) = postSolution
		SolutionGuid = {8CA9B891-2E84-42D5-A930-CA09AC66518E}
	EndGlobalSection
EndGlobal
